
Microsoft Visual Studio Solution File, Format Version 12.00
# Visual Studio Version 17
VisualStudioVersion = 17.1.31911.260
MinimumVisualStudioVersion = 10.0.40219.1
Project("{FAE04EC0-301F-11D3-BF4B-00C04F79EFBC}") = "WXModel", "WXModel\WXModel.csproj", "{96B2C8DC-0469-40F5-AC04-71857AA7AB86}"
EndProject
Project("{FAE04EC0-301F-11D3-BF4B-00C04F79EFBC}") = "WeChat", "WeChat\WeChat.csproj", "{919C477E-8FAC-4535-A5FD-0DF65B12E68C}"
EndProject
Project("{FAE04EC0-301F-11D3-BF4B-00C04F79EFBC}") = "Common", "Common\Common.csproj", "{58740B07-24B0-4F47-A5A9-C852DF217524}"
EndProject
Project("{FAE04EC0-301F-11D3-BF4B-00C04F79EFBC}") = "WeChatORM", "WeChatORM\WeChatORM.csproj", "{D04632D9-0F1C-4C5B-B28D-3FB462D36BBC}"
EndProject
Project("{2150E333-8FDC-42A3-9474-1A3956D46DE8}") = "WeChatData", "WeChatData", "{1E7B4B17-215F-4B2E-9133-133026E3FBC3}"
EndProject
Project("{FAE04EC0-301F-11D3-BF4B-00C04F79EFBC}") = "WeChatDataRepository", "WeChatDataRepository\WeChatDataRepository.csproj", "{C38C5B96-112A-4644-A080-26ADA5094FC7}"
EndProject
Project("{FAE04EC0-301F-11D3-BF4B-00C04F79EFBC}") = "WeChatBusiness", "WeChatBusiness\WeChatBusiness.csproj", "{62B96389-A9C3-42D7-9142-CDD62338AD84}"
EndProject
Project("{FAE04EC0-301F-11D3-BF4B-00C04F79EFBC}") = "WeChatQuery", "WeChatQuery\WeChatQuery.csproj", "{DA2D7621-8D14-40BC-AD99-581EA6B2E62A}"
EndProject
Project("{2150E333-8FDC-42A3-9474-1A3956D46DE8}") = "WebSource", "WebSource", "{938CC520-F50B-4172-A1D2-E2DAAD0C30F1}"
EndProject
Project("{2150E333-8FDC-42A3-9474-1A3956D46DE8}") = "BaiDu", "BaiDu", "{7902ECF7-CD66-43FE-99C2-79E2C34B2876}"
EndProject
Project("{FAE04EC0-301F-11D3-BF4B-00C04F79EFBC}") = "BaiDuResourceUpLoad", "BaiDuResourceUpLoad\BaiDuResourceUpLoad.csproj", "{C56B4A87-19EB-472E-8594-B0CBB4D8F21E}"
EndProject
Global
	GlobalSection(SolutionConfigurationPlatforms) = preSolution
		Debug|Any CPU = Debug|Any CPU
		Release|Any CPU = Release|Any CPU
	EndGlobalSection
	GlobalSection(ProjectConfigurationPlatforms) = postSolution
		{96B2C8DC-0469-40F5-AC04-71857AA7AB86}.Debug|Any CPU.ActiveCfg = Debug|Any CPU
		{96B2C8DC-0469-40F5-AC04-71857AA7AB86}.Debug|Any CPU.Build.0 = Debug|Any CPU
		{96B2C8DC-0469-40F5-AC04-71857AA7AB86}.Release|Any CPU.ActiveCfg = Release|Any CPU
		{96B2C8DC-0469-40F5-AC04-71857AA7AB86}.Release|Any CPU.Build.0 = Release|Any CPU
		{919C477E-8FAC-4535-A5FD-0DF65B12E68C}.Debug|Any CPU.ActiveCfg = Debug|Any CPU
		{919C477E-8FAC-4535-A5FD-0DF65B12E68C}.Debug|Any CPU.Build.0 = Debug|Any CPU
		{919C477E-8FAC-4535-A5FD-0DF65B12E68C}.Release|Any CPU.ActiveCfg = Release|Any CPU
		{919C477E-8FAC-4535-A5FD-0DF65B12E68C}.Release|Any CPU.Build.0 = Release|Any CPU
		{58740B07-24B0-4F47-A5A9-C852DF217524}.Debug|Any CPU.ActiveCfg = Debug|Any CPU
		{58740B07-24B0-4F47-A5A9-C852DF217524}.Debug|Any CPU.Build.0 = Debug|Any CPU
		{58740B07-24B0-4F47-A5A9-C852DF217524}.Release|Any CPU.ActiveCfg = Release|Any CPU
		{58740B07-24B0-4F47-A5A9-C852DF217524}.Release|Any CPU.Build.0 = Release|Any CPU
		{D04632D9-0F1C-4C5B-B28D-3FB462D36BBC}.Debug|Any CPU.ActiveCfg = Debug|Any CPU
		{D04632D9-0F1C-4C5B-B28D-3FB462D36BBC}.Debug|Any CPU.Build.0 = Debug|Any CPU
		{D04632D9-0F1C-4C5B-B28D-3FB462D36BBC}.Release|Any CPU.ActiveCfg = Release|Any CPU
		{D04632D9-0F1C-4C5B-B28D-3FB462D36BBC}.Release|Any CPU.Build.0 = Release|Any CPU
		{C38C5B96-112A-4644-A080-26ADA5094FC7}.Debug|Any CPU.ActiveCfg = Debug|Any CPU
		{C38C5B96-112A-4644-A080-26ADA5094FC7}.Debug|Any CPU.Build.0 = Debug|Any CPU
		{C38C5B96-112A-4644-A080-26ADA5094FC7}.Release|Any CPU.ActiveCfg = Release|Any CPU
		{C38C5B96-112A-4644-A080-26ADA5094FC7}.Release|Any CPU.Build.0 = Release|Any CPU
		{62B96389-A9C3-42D7-9142-CDD62338AD84}.Debug|Any CPU.ActiveCfg = Debug|Any CPU
		{62B96389-A9C3-42D7-9142-CDD62338AD84}.Debug|Any CPU.Build.0 = Debug|Any CPU
		{62B96389-A9C3-42D7-9142-CDD62338AD84}.Release|Any CPU.ActiveCfg = Release|Any CPU
		{62B96389-A9C3-42D7-9142-CDD62338AD84}.Release|Any CPU.Build.0 = Release|Any CPU
		{DA2D7621-8D14-40BC-AD99-581EA6B2E62A}.Debug|Any CPU.ActiveCfg = Debug|Any CPU
		{DA2D7621-8D14-40BC-AD99-581EA6B2E62A}.Debug|Any CPU.Build.0 = Debug|Any CPU
		{DA2D7621-8D14-40BC-AD99-581EA6B2E62A}.Release|Any CPU.ActiveCfg = Release|Any CPU
		{DA2D7621-8D14-40BC-AD99-581EA6B2E62A}.Release|Any CPU.Build.0 = Release|Any CPU
		{C56B4A87-19EB-472E-8594-B0CBB4D8F21E}.Debug|Any CPU.ActiveCfg = Debug|Any CPU
		{C56B4A87-19EB-472E-8594-B0CBB4D8F21E}.Debug|Any CPU.Build.0 = Debug|Any CPU
		{C56B4A87-19EB-472E-8594-B0CBB4D8F21E}.Release|Any CPU.ActiveCfg = Release|Any CPU
		{C56B4A87-19EB-472E-8594-B0CBB4D8F21E}.Release|Any CPU.Build.0 = Release|Any CPU
	EndGlobalSection
	GlobalSection(SolutionProperties) = preSolution
		HideSolutionNode = FALSE
	EndGlobalSection
	GlobalSection(NestedProjects) = preSolution
		{C38C5B96-112A-4644-A080-26ADA5094FC7} = {1E7B4B17-215F-4B2E-9133-133026E3FBC3}
		{62B96389-A9C3-42D7-9142-CDD62338AD84} = {1E7B4B17-215F-4B2E-9133-133026E3FBC3}
		{DA2D7621-8D14-40BC-AD99-581EA6B2E62A} = {1E7B4B17-215F-4B2E-9133-133026E3FBC3}
		{7902ECF7-CD66-43FE-99C2-79E2C34B2876} = {938CC520-F50B-4172-A1D2-E2DAAD0C30F1}
		{C56B4A87-19EB-472E-8594-B0CBB4D8F21E} = {7902ECF7-CD66-43FE-99C2-79E2C34B2876}
	EndGlobalSection
	GlobalSection(ExtensibilityGlobals) = postSolution
		SolutionGuid = {35E2D06B-287C-4EB3-B6C0-62B7E6B13791}
	EndGlobalSection
EndGlobal
